{
  "version": 4,
  "terraform_version": "1.5.7",
  "serial": 85,
  "lineage": "dc3b9fff-c390-5fbc-d9c7-676ad95fbd7c",
  "outputs": {},
  "resources": [
    {
      "mode": "data",
      "type": "google_project",
      "name": "project",
      "provider": "provider[\"registry.terraform.io/hashicorp/google\"]",
      "instances": [
        {
          "schema_version": 0,
          "attributes": {
            "auto_create_network": null,
            "billing_account": "01A73C-5D426E-CAD996",
            "deletion_policy": "PREVENT",
            "effective_labels": {
              "no_disablekey": "off"
            },
            "folder_id": "",
            "id": "projects/autobet-470818",
            "labels": {
              "no_disablekey": "off"
            },
            "name": "AutoBet",
            "number": "539619253741",
            "org_id": "57522788717",
            "project_id": "autobet-470818",
            "tags": null,
            "terraform_labels": {
              "no_disablekey": "off"
            }
          },
          "sensitive_attributes": []
        }
      ]
    },
    {
      "mode": "managed",
      "type": "google_cloud_run_v2_service",
      "name": "fetcher_service",
      "provider": "provider[\"registry.terraform.io/hashicorp/google\"]",
      "instances": [
        {
          "schema_version": 0,
          "attributes": {
            "annotations": {},
            "binary_authorization": [],
            "build_config": [],
            "client": "",
            "client_version": "",
            "conditions": [
              {
                "execution_reason": "",
                "last_transition_time": "2025-09-08T20:42:01.543820Z",
                "message": "",
                "reason": "",
                "revision_reason": "",
                "severity": "",
                "state": "CONDITION_SUCCEEDED",
                "type": "RoutesReady"
              },
              {
                "execution_reason": "",
                "last_transition_time": "2025-09-08T20:41:59.156623Z",
                "message": "",
                "reason": "",
                "revision_reason": "",
                "severity": "",
                "state": "CONDITION_SUCCEEDED",
                "type": "ConfigurationsReady"
              }
            ],
            "create_time": "2025-09-08T12:57:24.443287Z",
            "creator": "jon@cropwell-its.com",
            "custom_audiences": [],
            "delete_time": "",
            "deletion_protection": false,
            "description": "",
            "effective_annotations": {},
            "effective_labels": {
              "goog-terraform-provisioned": "true"
            },
            "etag": "\"CICE_cUGEJjE9LcD/cHJvamVjdHMvYXV0b2JldC00NzA4MTgvbG9jYXRpb25zL2V1cm9wZS13ZXN0Mi9zZXJ2aWNlcy9pbmdlc3Rpb24tZmV0Y2hlcg\"",
            "expire_time": "",
            "generation": "15",
            "id": "projects/autobet-470818/locations/europe-west2/services/ingestion-fetcher",
            "ingress": "INGRESS_TRAFFIC_ALL",
            "invoker_iam_disabled": false,
            "labels": {},
            "last_modifier": "jon@cropwell-its.com",
            "latest_created_revision": "projects/autobet-470818/locations/europe-west2/services/ingestion-fetcher/revisions/ingestion-fetcher-00009-qwb",
            "latest_ready_revision": "projects/autobet-470818/locations/europe-west2/services/ingestion-fetcher/revisions/ingestion-fetcher-00009-qwb",
            "launch_stage": "GA",
            "location": "europe-west2",
            "multi_region_settings": [],
            "name": "ingestion-fetcher",
            "observed_generation": "15",
            "project": "autobet-470818",
            "reconciling": false,
            "scaling": [],
            "template": [
              {
                "annotations": {},
                "containers": [
                  {
                    "args": [],
                    "base_image_uri": "",
                    "build_info": [],
                    "command": [],
                    "depends_on": [],
                    "env": [
                      {
                        "name": "BQ_DATASET",
                        "value": "autobet",
                        "value_source": []
                      },
                      {
                        "name": "BQ_LOCATION",
                        "value": "EU",
                        "value_source": []
                      },
                      {
                        "name": "BQ_PROJECT",
                        "value": "autobet-470818",
                        "value_source": []
                      },
                      {
                        "name": "BQ_WRITE_ENABLED",
                        "value": "1",
                        "value_source": []
                      },
                      {
                        "name": "CLOUD_RUN_REGION",
                        "value": "europe-west2",
                        "value_source": []
                      },
                      {
                        "name": "GCP_PROJECT",
                        "value": "autobet-470818",
                        "value_source": []
                      },
                      {
                        "name": "TOTE_API_KEY",
                        "value": "",
                        "value_source": [
                          {
                            "secret_key_ref": [
                              {
                                "secret": "TOTE_API_KEY",
                                "version": "latest"
                              }
                            ]
                          }
                        ]
                      },
                      {
                        "name": "TOTE_GRAPHQL_URL",
                        "value": "",
                        "value_source": [
                          {
                            "secret_key_ref": [
                              {
                                "secret": "TOTE_GRAPHQL_URL",
                                "version": "latest"
                              }
                            ]
                          }
                        ]
                      }
                    ],
                    "image": "europe-west2-docker.pkg.dev/autobet-470818/autobet-services/ingestion-fetcher:latest",
                    "liveness_probe": [],
                    "name": "",
                    "ports": [
                      {
                        "container_port": 8080,
                        "name": "http1"
                      }
                    ],
                    "resources": [
                      {
                        "cpu_idle": false,
                        "limits": {
                          "cpu": "1000m",
                          "memory": "512Mi"
                        },
                        "startup_cpu_boost": false
                      }
                    ],
                    "startup_probe": [
                      {
                        "failure_threshold": 1,
                        "grpc": [],
                        "http_get": [],
                        "initial_delay_seconds": 0,
                        "period_seconds": 240,
                        "tcp_socket": [
                          {
                            "port": 8080
                          }
                        ],
                        "timeout_seconds": 240
                      }
                    ],
                    "volume_mounts": [],
                    "working_dir": ""
                  }
                ],
                "encryption_key": "",
                "execution_environment": "",
                "gpu_zonal_redundancy_disabled": false,
                "labels": {},
                "max_instance_request_concurrency": 80,
                "node_selector": [],
                "revision": "",
                "scaling": [
                  {
                    "max_instance_count": 20,
                    "min_instance_count": 0
                  }
                ],
                "service_account": "ingestion-fetcher@autobet-470818.iam.gserviceaccount.com",
                "session_affinity": false,
                "timeout": "300s",
                "volumes": [],
                "vpc_access": []
              }
            ],
            "terminal_condition": [
              {
                "execution_reason": "",
                "last_transition_time": "2025-09-08T20:42:01.576806Z",
                "message": "",
                "reason": "",
                "revision_reason": "",
                "severity": "",
                "state": "CONDITION_SUCCEEDED",
                "type": "Ready"
              }
            ],
            "terraform_labels": {
              "goog-terraform-provisioned": "true"
            },
            "timeouts": null,
            "traffic": [
              {
                "percent": 100,
                "revision": "",
                "tag": "",
                "type": "TRAFFIC_TARGET_ALLOCATION_TYPE_LATEST"
              }
            ],
            "traffic_statuses": [
              {
                "percent": 100,
                "revision": "",
                "tag": "",
                "type": "TRAFFIC_TARGET_ALLOCATION_TYPE_LATEST",
                "uri": ""
              }
            ],
            "uid": "f890b12c-d659-47bf-a3af-1368a6dd324e",
            "update_time": "2025-09-08T20:52:16.922559Z",
            "uri": "https://ingestion-fetcher-2aavih7hja-nw.a.run.app",
            "urls": [
              "https://ingestion-fetcher-539619253741.europe-west2.run.app",
              "https://ingestion-fetcher-2aavih7hja-nw.a.run.app"
            ]
          },
          "sensitive_attributes": [],
          "private": "eyJlMmJmYjczMC1lY2FhLTExZTYtOGY4OC0zNDM2M2JjN2M0YzAiOnsiY3JlYXRlIjoxMjAwMDAwMDAwMDAwLCJkZWxldGUiOjEyMDAwMDAwMDAwMDAsInVwZGF0ZSI6MTIwMDAwMDAwMDAwMH19",
          "dependencies": [
            "google_service_account.fetcher_sa"
          ]
        }
      ]
    },
    {
      "mode": "managed",
      "type": "google_cloud_run_v2_service",
      "name": "orchestrator_service",
      "provider": "provider[\"registry.terraform.io/hashicorp/google\"]",
      "instances": [
        {
          "schema_version": 0,
          "attributes": {
            "annotations": {},
            "binary_authorization": [],
            "build_config": [],
            "client": "",
            "client_version": "",
            "conditions": [
              {
                "execution_reason": "",
                "last_transition_time": "2025-09-08T20:42:14.762529Z",
                "message": "",
                "reason": "",
                "revision_reason": "",
                "severity": "",
                "state": "CONDITION_SUCCEEDED",
                "type": "RoutesReady"
              },
              {
                "execution_reason": "",
                "last_transition_time": "2025-09-08T20:42:12.408557Z",
                "message": "",
                "reason": "",
                "revision_reason": "",
                "severity": "",
                "state": "CONDITION_SUCCEEDED",
                "type": "ConfigurationsReady"
              }
            ],
            "create_time": "2025-09-08T12:57:24.436935Z",
            "creator": "jon@cropwell-its.com",
            "custom_audiences": [],
            "delete_time": "",
            "deletion_protection": false,
            "description": "",
            "effective_annotations": {},
            "effective_labels": {
              "goog-terraform-provisioned": "true"
            },
            "etag": "\"CICE_cUGEODwh7gD/cHJvamVjdHMvYXV0b2JldC00NzA4MTgvbG9jYXRpb25zL2V1cm9wZS13ZXN0Mi9zZXJ2aWNlcy9pbmdlc3Rpb24tb3JjaGVzdHJhdG9y\"",
            "expire_time": "",
            "generation": "11",
            "id": "projects/autobet-470818/locations/europe-west2/services/ingestion-orchestrator",
            "ingress": "INGRESS_TRAFFIC_ALL",
            "invoker_iam_disabled": false,
            "labels": {},
            "last_modifier": "jon@cropwell-its.com",
            "latest_created_revision": "projects/autobet-470818/locations/europe-west2/services/ingestion-orchestrator/revisions/ingestion-orchestrator-00006-bqk",
            "latest_ready_revision": "projects/autobet-470818/locations/europe-west2/services/ingestion-orchestrator/revisions/ingestion-orchestrator-00006-bqk",
            "launch_stage": "GA",
            "location": "europe-west2",
            "multi_region_settings": [],
            "name": "ingestion-orchestrator",
            "observed_generation": "11",
            "project": "autobet-470818",
            "reconciling": false,
            "scaling": [],
            "template": [
              {
                "annotations": {},
                "containers": [
                  {
                    "args": [],
                    "base_image_uri": "",
                    "build_info": [],
                    "command": [],
                    "depends_on": [],
                    "env": [
                      {
                        "name": "BQ_DATASET",
                        "value": "autobet",
                        "value_source": []
                      },
                      {
                        "name": "BQ_LOCATION",
                        "value": "EU",
                        "value_source": []
                      },
                      {
                        "name": "BQ_PROJECT",
                        "value": "autobet-470818",
                        "value_source": []
                      },
                      {
                        "name": "CLOUD_RUN_REGION",
                        "value": "europe-west2",
                        "value_source": []
                      },
                      {
                        "name": "GCP_PROJECT",
                        "value": "autobet-470818",
                        "value_source": []
                      },
                      {
                        "name": "TOTE_API_KEY",
                        "value": "",
                        "value_source": [
                          {
                            "secret_key_ref": [
                              {
                                "secret": "TOTE_API_KEY",
                                "version": "latest"
                              }
                            ]
                          }
                        ]
                      },
                      {
                        "name": "TOTE_GRAPHQL_URL",
                        "value": "",
                        "value_source": [
                          {
                            "secret_key_ref": [
                              {
                                "secret": "TOTE_GRAPHQL_URL",
                                "version": "latest"
                              }
                            ]
                          }
                        ]
                      }
                    ],
                    "image": "europe-west2-docker.pkg.dev/autobet-470818/autobet-services/ingestion-orchestrator:latest",
                    "liveness_probe": [],
                    "name": "",
                    "ports": [
                      {
                        "container_port": 8080,
                        "name": "http1"
                      }
                    ],
                    "resources": [
                      {
                        "cpu_idle": false,
                        "limits": {
                          "cpu": "1000m",
                          "memory": "512Mi"
                        },
                        "startup_cpu_boost": false
                      }
                    ],
                    "startup_probe": [
                      {
                        "failure_threshold": 1,
                        "grpc": [],
                        "http_get": [],
                        "initial_delay_seconds": 0,
                        "period_seconds": 240,
                        "tcp_socket": [
                          {
                            "port": 8080
                          }
                        ],
                        "timeout_seconds": 240
                      }
                    ],
                    "volume_mounts": [],
                    "working_dir": ""
                  }
                ],
                "encryption_key": "",
                "execution_environment": "",
                "gpu_zonal_redundancy_disabled": false,
                "labels": {},
                "max_instance_request_concurrency": 80,
                "node_selector": [],
                "revision": "",
                "scaling": [
                  {
                    "max_instance_count": 20,
                    "min_instance_count": 0
                  }
                ],
                "service_account": "ingestion-orchestrator@autobet-470818.iam.gserviceaccount.com",
                "session_affinity": false,
                "timeout": "300s",
                "volumes": [],
                "vpc_access": []
              }
            ],
            "terminal_condition": [
              {
                "execution_reason": "",
                "last_transition_time": "2025-09-08T20:42:14.804065Z",
                "message": "",
                "reason": "",
                "revision_reason": "",
                "severity": "",
                "state": "CONDITION_SUCCEEDED",
                "type": "Ready"
              }
            ],
            "terraform_labels": {
              "goog-terraform-provisioned": "true"
            },
            "timeouts": null,
            "traffic": [
              {
                "percent": 100,
                "revision": "",
                "tag": "",
                "type": "TRAFFIC_TARGET_ALLOCATION_TYPE_LATEST"
              }
            ],
            "traffic_statuses": [
              {
                "percent": 100,
                "revision": "",
                "tag": "",
                "type": "TRAFFIC_TARGET_ALLOCATION_TYPE_LATEST",
                "uri": ""
              }
            ],
            "uid": "2d75410b-ebb7-40b0-a663-4bdbf3410912",
            "update_time": "2025-09-08T20:52:16.922876Z",
            "uri": "https://ingestion-orchestrator-2aavih7hja-nw.a.run.app",
            "urls": [
              "https://ingestion-orchestrator-539619253741.europe-west2.run.app",
              "https://ingestion-orchestrator-2aavih7hja-nw.a.run.app"
            ]
          },
          "sensitive_attributes": [],
          "private": "eyJlMmJmYjczMC1lY2FhLTExZTYtOGY4OC0zNDM2M2JjN2M0YzAiOnsiY3JlYXRlIjoxMjAwMDAwMDAwMDAwLCJkZWxldGUiOjEyMDAwMDAwMDAwMDAsInVwZGF0ZSI6MTIwMDAwMDAwMDAwMH19",
          "dependencies": [
            "google_service_account.orchestrator_sa"
          ]
        }
      ]
    },
    {
      "mode": "managed",
      "type": "google_cloud_run_v2_service_iam_binding",
      "name": "fetcher_invoker",
      "provider": "provider[\"registry.terraform.io/hashicorp/google\"]",
      "instances": [
        {
          "schema_version": 0,
          "attributes": {
            "condition": [],
            "etag": "BwY+Su1mgk4=",
            "id": "projects/autobet-470818/locations/europe-west2/services/ingestion-fetcher/roles/run.invoker",
            "location": "europe-west2",
            "members": [
              "serviceAccount:ingestion-fetcher@autobet-470818.iam.gserviceaccount.com",
              "serviceAccount:service-539619253741@gcp-sa-pubsub.iam.gserviceaccount.com"
            ],
            "name": "projects/autobet-470818/locations/europe-west2/services/ingestion-fetcher",
            "project": "autobet-470818",
            "role": "roles/run.invoker"
          },
          "sensitive_attributes": [],
          "private": "bnVsbA==",
          "dependencies": [
            "data.google_project.project",
            "google_cloud_run_v2_service.fetcher_service",
            "google_service_account.fetcher_sa"
          ]
        }
      ]
    },
    {
      "mode": "managed",
      "type": "google_cloud_run_v2_service_iam_binding",
      "name": "orchestrator_invoker",
      "provider": "provider[\"registry.terraform.io/hashicorp/google\"]",
      "instances": [
        {
          "schema_version": 0,
          "attributes": {
            "condition": [],
            "etag": "BwY+SbtGrFo=",
            "id": "projects/autobet-470818/locations/europe-west2/services/ingestion-orchestrator/roles/run.invoker",
            "location": "europe-west2",
            "members": [
              "serviceAccount:autobet-scheduler@autobet-470818.iam.gserviceaccount.com"
            ],
            "name": "projects/autobet-470818/locations/europe-west2/services/ingestion-orchestrator",
            "project": "autobet-470818",
            "role": "roles/run.invoker"
          },
          "sensitive_attributes": [],
          "private": "bnVsbA==",
          "dependencies": [
            "google_cloud_run_v2_service.orchestrator_service",
            "google_service_account.orchestrator_sa",
            "google_service_account.scheduler_sa"
          ]
        }
      ]
    },
    {
      "mode": "managed",
      "type": "google_cloud_scheduler_job",
      "name": "bq_tmp_cleanup",
      "provider": "provider[\"registry.terraform.io/hashicorp/google\"]",
      "instances": [
        {
          "schema_version": 0,
          "attributes": {
            "app_engine_http_target": [],
            "attempt_deadline": "",
            "description": "Deletes leftover _tmp_ tables in BigQuery dataset",
            "http_target": [],
            "id": "projects/autobet-470818/locations/europe-west2/jobs/bq-tmp-cleanup",
            "name": "bq-tmp-cleanup",
            "paused": false,
            "project": "autobet-470818",
            "pubsub_target": [
              {
                "attributes": {},
                "data": "eyJ0YXNrIjogImNsZWFudXBfYnFfdGVtcHMiLCAib2xkZXJfdGhhbl9kYXlzIjogMX0=",
                "topic_name": "projects/autobet-470818/topics/ingest-jobs"
              }
            ],
            "region": "europe-west2",
            "retry_config": [],
            "schedule": "0 3 * * 0",
            "state": "ENABLED",
            "time_zone": "Europe/London",
            "timeouts": null
          },
          "sensitive_attributes": [],
          "private": "eyJlMmJmYjczMC1lY2FhLTExZTYtOGY4OC0zNDM2M2JjN2M0YzAiOnsiY3JlYXRlIjoxMjAwMDAwMDAwMDAwLCJkZWxldGUiOjEyMDAwMDAwMDAwMDAsInVwZGF0ZSI6MTIwMDAwMDAwMDAwMH19",
          "dependencies": [
            "google_pubsub_topic.ingest_jobs_topic"
          ]
        }
      ]
    },
    {
      "mode": "managed",
      "type": "google_cloud_scheduler_job",
      "name": "daily_full_ingest",
      "provider": "provider[\"registry.terraform.io/hashicorp/google\"]",
      "instances": [
        {
          "schema_version": 0,
          "attributes": {
            "app_engine_http_target": [],
            "attempt_deadline": "",
            "description": "Daily ingest of all events and open products for the day.",
            "http_target": [],
            "id": "projects/autobet-470818/locations/europe-west2/jobs/daily-full-ingest",
            "name": "daily-full-ingest",
            "paused": false,
            "project": "autobet-470818",
            "pubsub_target": [
              {
                "attributes": {},
                "data": "eyJ0YXNrIjogImluZ2VzdF9ldmVudHNfZm9yX2RheSIsICJkYXRlIjogInRvZGF5In0=",
                "topic_name": "projects/autobet-470818/topics/ingest-jobs"
              }
            ],
            "region": "europe-west2",
            "retry_config": [],
            "schedule": "0 1 * * *",
            "state": "ENABLED",
            "time_zone": "Europe/London",
            "timeouts": null
          },
          "sensitive_attributes": [],
          "private": "eyJlMmJmYjczMC1lY2FhLTExZTYtOGY4OC0zNDM2M2JjN2M0YzAiOnsiY3JlYXRlIjoxMjAwMDAwMDAwMDAwLCJkZWxldGUiOjEyMDAwMDAwMDAwMDAsInVwZGF0ZSI6MTIwMDAwMDAwMDAwMH19",
          "dependencies": [
            "google_pubsub_topic.ingest_jobs_topic"
          ]
        }
      ]
    },
    {
      "mode": "managed",
      "type": "google_cloud_scheduler_job",
      "name": "daily_products_ingest",
      "provider": "provider[\"registry.terraform.io/hashicorp/google\"]",
      "instances": [
        {
          "schema_version": 0,
          "attributes": {
            "app_engine_http_target": [],
            "attempt_deadline": "",
            "description": "Daily ingest of all open products for today.",
            "http_target": [],
            "id": "projects/autobet-470818/locations/europe-west2/jobs/daily-products-ingest",
            "name": "daily-products-ingest",
            "paused": false,
            "project": "autobet-470818",
            "pubsub_target": [
              {
                "attributes": {},
                "data": "eyJ0YXNrIjogImluZ2VzdF9wcm9kdWN0c19mb3JfZGF5IiwgImRhdGUiOiAidG9kYXkiLCAic3RhdHVzIjogIk9QRU4ifQ==",
                "topic_name": "projects/autobet-470818/topics/ingest-jobs"
              }
            ],
            "region": "europe-west2",
            "retry_config": [],
            "schedule": "5 1 * * *",
            "state": "ENABLED",
            "time_zone": "Europe/London",
            "timeouts": null
          },
          "sensitive_attributes": [],
          "private": "eyJlMmJmYjczMC1lY2FhLTExZTYtOGY4OC0zNDM2M2JjN2M0YzAiOnsiY3JlYXRlIjoxMjAwMDAwMDAwMDAwLCJkZWxldGUiOjEyMDAwMDAwMDAwMDAsInVwZGF0ZSI6MTIwMDAwMDAwMDAwMH19",
          "dependencies": [
            "google_pubsub_topic.ingest_jobs_topic"
          ]
        }
      ]
    },
    {
      "mode": "managed",
      "type": "google_cloud_scheduler_job",
      "name": "post_race_results_scanner",
      "provider": "provider[\"registry.terraform.io/hashicorp/google\"]",
      "instances": [
        {
          "schema_version": 0,
          "attributes": {
            "app_engine_http_target": [],
            "attempt_deadline": "120s",
            "description": "Scans for recently finished races to ingest results.",
            "http_target": [
              {
                "body": "eyJqb2JfbmFtZSI6ICJwb3N0LXJhY2UtcmVzdWx0cy1zY2FubmVyIn0=",
                "headers": {
                  "Content-Type": "application/json"
                },
                "http_method": "POST",
                "oauth_token": [],
                "oidc_token": [
                  {
                    "audience": "https://ingestion-orchestrator-2aavih7hja-nw.a.run.app",
                    "service_account_email": "autobet-scheduler@autobet-470818.iam.gserviceaccount.com"
                  }
                ],
                "uri": "https://ingestion-orchestrator-2aavih7hja-nw.a.run.app/"
              }
            ],
            "id": "projects/autobet-470818/locations/europe-west2/jobs/post-race-results-scanner",
            "name": "post-race-results-scanner",
            "paused": false,
            "project": "autobet-470818",
            "pubsub_target": [],
            "region": "europe-west2",
            "retry_config": [],
            "schedule": "*/15 * * * *",
            "state": "ENABLED",
            "time_zone": "UTC",
            "timeouts": null
          },
          "sensitive_attributes": [],
          "private": "eyJlMmJmYjczMC1lY2FhLTExZTYtOGY4OC0zNDM2M2JjN2M0YzAiOnsiY3JlYXRlIjoxMjAwMDAwMDAwMDAwLCJkZWxldGUiOjEyMDAwMDAwMDAwMDAsInVwZGF0ZSI6MTIwMDAwMDAwMDAwMH19",
          "dependencies": [
            "google_cloud_run_v2_service.orchestrator_service",
            "google_service_account.orchestrator_sa",
            "google_service_account.scheduler_sa"
          ]
        }
      ]
    },
    {
      "mode": "managed",
      "type": "google_cloud_scheduler_job",
      "name": "pre_race_scanner",
      "provider": "provider[\"registry.terraform.io/hashicorp/google\"]",
      "instances": [
        {
          "schema_version": 0,
          "attributes": {
            "app_engine_http_target": [],
            "attempt_deadline": "120s",
            "description": "Scans for upcoming races every 5 minutes to trigger high-frequency updates.",
            "http_target": [
              {
                "body": "eyJqb2JfbmFtZSI6ICJwcmUtcmFjZS1zY2FubmVyIn0=",
                "headers": {
                  "Content-Type": "application/json"
                },
                "http_method": "POST",
                "oauth_token": [],
                "oidc_token": [
                  {
                    "audience": "https://ingestion-orchestrator-2aavih7hja-nw.a.run.app",
                    "service_account_email": "autobet-scheduler@autobet-470818.iam.gserviceaccount.com"
                  }
                ],
                "uri": "https://ingestion-orchestrator-2aavih7hja-nw.a.run.app/"
              }
            ],
            "id": "projects/autobet-470818/locations/europe-west2/jobs/pre-race-scanner",
            "name": "pre-race-scanner",
            "paused": false,
            "project": "autobet-470818",
            "pubsub_target": [],
            "region": "europe-west2",
            "retry_config": [],
            "schedule": "*/5 * * * *",
            "state": "ENABLED",
            "time_zone": "UTC",
            "timeouts": null
          },
          "sensitive_attributes": [],
          "private": "eyJlMmJmYjczMC1lY2FhLTExZTYtOGY4OC0zNDM2M2JjN2M0YzAiOnsiY3JlYXRlIjoxMjAwMDAwMDAwMDAwLCJkZWxldGUiOjEyMDAwMDAwMDAwMDAsInVwZGF0ZSI6MTIwMDAwMDAwMDAwMH19",
          "dependencies": [
            "google_cloud_run_v2_service.orchestrator_service",
            "google_service_account.orchestrator_sa",
            "google_service_account.scheduler_sa"
          ]
        }
      ]
    },
    {
      "mode": "managed",
      "type": "google_cloud_scheduler_job",
      "name": "probable_odds_sweep",
      "provider": "provider[\"registry.terraform.io/hashicorp/google\"]",
      "instances": [
        {
          "schema_version": 0,
          "attributes": {
            "app_engine_http_target": [],
            "attempt_deadline": "120s",
            "description": "Publishes probable-odds jobs for upcoming and just-started events.",
            "http_target": [
              {
                "body": "eyJqb2JfbmFtZSI6ICJwcm9iYWJsZS1vZGRzLXN3ZWVwIn0=",
                "headers": {
                  "Content-Type": "application/json"
                },
                "http_method": "POST",
                "oauth_token": [],
                "oidc_token": [
                  {
                    "audience": "https://ingestion-orchestrator-2aavih7hja-nw.a.run.app",
                    "service_account_email": "autobet-scheduler@autobet-470818.iam.gserviceaccount.com"
                  }
                ],
                "uri": "https://ingestion-orchestrator-2aavih7hja-nw.a.run.app/"
              }
            ],
            "id": "projects/autobet-470818/locations/europe-west2/jobs/probable-odds-sweep",
            "name": "probable-odds-sweep",
            "paused": false,
            "project": "autobet-470818",
            "pubsub_target": [],
            "region": "europe-west2",
            "retry_config": [],
            "schedule": "*/10 * * * *",
            "state": "ENABLED",
            "time_zone": "UTC",
            "timeouts": null
          },
          "sensitive_attributes": [],
          "private": "eyJlMmJmYjczMC1lY2FhLTExZTYtOGY4OC0zNDM2M2JjN2M0YzAiOnsiY3JlYXRlIjoxMjAwMDAwMDAwMDAwLCJkZWxldGUiOjEyMDAwMDAwMDAwMDAsInVwZGF0ZSI6MTIwMDAwMDAwMDAwMH19",
          "dependencies": [
            "google_cloud_run_v2_service.orchestrator_service",
            "google_service_account.orchestrator_sa",
            "google_service_account.scheduler_sa"
          ]
        }
      ]
    },
    {
      "mode": "managed",
      "type": "google_project_iam_member",
      "name": "fetcher_bq_editor",
      "provider": "provider[\"registry.terraform.io/hashicorp/google\"]",
      "instances": [
        {
          "schema_version": 0,
          "attributes": {
            "condition": [],
            "etag": "BwY+UDYAaLM=",
            "id": "autobet-470818/roles/bigquery.dataEditor/serviceAccount:ingestion-fetcher@autobet-470818.iam.gserviceaccount.com",
            "member": "serviceAccount:ingestion-fetcher@autobet-470818.iam.gserviceaccount.com",
            "project": "autobet-470818",
            "role": "roles/bigquery.dataEditor"
          },
          "sensitive_attributes": [],
          "private": "bnVsbA==",
          "dependencies": [
            "google_service_account.fetcher_sa"
          ]
        }
      ]
    },
    {
      "mode": "managed",
      "type": "google_project_iam_member",
      "name": "fetcher_bq_user",
      "provider": "provider[\"registry.terraform.io/hashicorp/google\"]",
      "instances": [
        {
          "schema_version": 0,
          "attributes": {
            "condition": [],
            "etag": "BwY+UDYAaLM=",
            "id": "autobet-470818/roles/bigquery.user/serviceAccount:ingestion-fetcher@autobet-470818.iam.gserviceaccount.com",
            "member": "serviceAccount:ingestion-fetcher@autobet-470818.iam.gserviceaccount.com",
            "project": "autobet-470818",
            "role": "roles/bigquery.user"
          },
          "sensitive_attributes": [],
          "private": "bnVsbA==",
          "dependencies": [
            "google_service_account.fetcher_sa"
          ]
        }
      ]
    },
    {
      "mode": "managed",
      "type": "google_project_iam_member",
      "name": "orchestrator_bq_editor",
      "provider": "provider[\"registry.terraform.io/hashicorp/google\"]",
      "instances": [
        {
          "schema_version": 0,
          "attributes": {
            "condition": [],
            "etag": "BwY+UDYAaLM=",
            "id": "autobet-470818/roles/bigquery.dataEditor/serviceAccount:ingestion-orchestrator@autobet-470818.iam.gserviceaccount.com",
            "member": "serviceAccount:ingestion-orchestrator@autobet-470818.iam.gserviceaccount.com",
            "project": "autobet-470818",
            "role": "roles/bigquery.dataEditor"
          },
          "sensitive_attributes": [],
          "private": "bnVsbA==",
          "dependencies": [
            "google_service_account.orchestrator_sa"
          ]
        }
      ]
    },
    {
      "mode": "managed",
      "type": "google_project_iam_member",
      "name": "orchestrator_bq_user",
      "provider": "provider[\"registry.terraform.io/hashicorp/google\"]",
      "instances": [
        {
          "schema_version": 0,
          "attributes": {
            "condition": [],
            "etag": "BwY+UDYAaLM=",
            "id": "autobet-470818/roles/bigquery.user/serviceAccount:ingestion-orchestrator@autobet-470818.iam.gserviceaccount.com",
            "member": "serviceAccount:ingestion-orchestrator@autobet-470818.iam.gserviceaccount.com",
            "project": "autobet-470818",
            "role": "roles/bigquery.user"
          },
          "sensitive_attributes": [],
          "private": "bnVsbA==",
          "dependencies": [
            "google_service_account.orchestrator_sa"
          ]
        }
      ]
    },
    {
      "mode": "managed",
      "type": "google_project_iam_member",
      "name": "orchestrator_bq_viewer",
      "provider": "provider[\"registry.terraform.io/hashicorp/google\"]",
      "instances": [
        {
          "schema_version": 0,
          "attributes": {
            "condition": [],
            "etag": "BwY+UDYAaLM=",
            "id": "autobet-470818/roles/bigquery.dataViewer/serviceAccount:ingestion-orchestrator@autobet-470818.iam.gserviceaccount.com",
            "member": "serviceAccount:ingestion-orchestrator@autobet-470818.iam.gserviceaccount.com",
            "project": "autobet-470818",
            "role": "roles/bigquery.dataViewer"
          },
          "sensitive_attributes": [],
          "private": "bnVsbA==",
          "dependencies": [
            "google_service_account.orchestrator_sa"
          ]
        }
      ]
    },
    {
      "mode": "managed",
      "type": "google_project_iam_member",
      "name": "orchestrator_pubsub_publisher",
      "provider": "provider[\"registry.terraform.io/hashicorp/google\"]",
      "instances": [
        {
          "schema_version": 0,
          "attributes": {
            "condition": [],
            "etag": "BwY+UDYAaLM=",
            "id": "autobet-470818/roles/pubsub.publisher/serviceAccount:ingestion-orchestrator@autobet-470818.iam.gserviceaccount.com",
            "member": "serviceAccount:ingestion-orchestrator@autobet-470818.iam.gserviceaccount.com",
            "project": "autobet-470818",
            "role": "roles/pubsub.publisher"
          },
          "sensitive_attributes": [],
          "private": "bnVsbA==",
          "dependencies": [
            "google_service_account.orchestrator_sa"
          ]
        }
      ]
    },
    {
      "mode": "managed",
      "type": "google_pubsub_subscription",
      "name": "fetcher_subscription",
      "provider": "provider[\"registry.terraform.io/hashicorp/google\"]",
      "instances": [
        {
          "schema_version": 0,
          "attributes": {
            "ack_deadline_seconds": 600,
            "bigquery_config": [],
            "cloud_storage_config": [],
            "dead_letter_policy": [],
            "effective_labels": {
              "goog-terraform-provisioned": "true"
            },
            "enable_exactly_once_delivery": false,
            "enable_message_ordering": false,
            "expiration_policy": [
              {
                "ttl": "2678400s"
              }
            ],
            "filter": "",
            "id": "projects/autobet-470818/subscriptions/ingest-fetcher-sub",
            "labels": {},
            "message_retention_duration": "604800s",
            "message_transforms": [],
            "name": "ingest-fetcher-sub",
            "project": "autobet-470818",
            "push_config": [
              {
                "attributes": {},
                "no_wrapper": [],
                "oidc_token": [
                  {
                    "audience": "",
                    "service_account_email": "ingestion-fetcher@autobet-470818.iam.gserviceaccount.com"
                  }
                ],
                "push_endpoint": "https://ingestion-fetcher-2aavih7hja-nw.a.run.app"
              }
            ],
            "retain_acked_messages": false,
            "retry_policy": [
              {
                "maximum_backoff": "600s",
                "minimum_backoff": "10s"
              }
            ],
            "terraform_labels": {
              "goog-terraform-provisioned": "true"
            },
            "timeouts": null,
            "topic": "projects/autobet-470818/topics/ingest-jobs"
          },
          "sensitive_attributes": [],
          "private": "eyJlMmJmYjczMC1lY2FhLTExZTYtOGY4OC0zNDM2M2JjN2M0YzAiOnsiY3JlYXRlIjoxMjAwMDAwMDAwMDAwLCJkZWxldGUiOjEyMDAwMDAwMDAwMDAsInVwZGF0ZSI6MTIwMDAwMDAwMDAwMH19",
          "dependencies": [
            "data.google_project.project",
            "google_cloud_run_v2_service.fetcher_service",
            "google_cloud_run_v2_service_iam_binding.fetcher_invoker",
            "google_pubsub_topic.ingest_jobs_topic",
            "google_service_account.fetcher_sa"
          ]
        }
      ]
    },
    {
      "mode": "managed",
      "type": "google_pubsub_topic",
      "name": "ingest_jobs_topic",
      "provider": "provider[\"registry.terraform.io/hashicorp/google\"]",
      "instances": [
        {
          "schema_version": 0,
          "attributes": {
            "effective_labels": {},
            "id": "projects/autobet-470818/topics/ingest-jobs",
            "ingestion_data_source_settings": [],
            "kms_key_name": "",
            "labels": {},
            "message_retention_duration": "",
            "message_storage_policy": [],
            "message_transforms": [],
            "name": "ingest-jobs",
            "project": "autobet-470818",
            "schema_settings": [],
            "terraform_labels": {},
            "timeouts": null
          },
          "sensitive_attributes": [],
          "private": "eyJlMmJmYjczMC1lY2FhLTExZTYtOGY4OC0zNDM2M2JjN2M0YzAiOnsiY3JlYXRlIjoxMjAwMDAwMDAwMDAwLCJkZWxldGUiOjEyMDAwMDAwMDAwMDAsInVwZGF0ZSI6MTIwMDAwMDAwMDAwMH0sInNjaGVtYV92ZXJzaW9uIjoiMCJ9"
        }
      ]
    },
    {
      "mode": "managed",
      "type": "google_pubsub_topic_iam_member",
      "name": "scheduler_publisher",
      "provider": "provider[\"registry.terraform.io/hashicorp/google\"]",
      "instances": [
        {
          "schema_version": 0,
          "attributes": {
            "condition": [],
            "etag": "BwY+SXKJ15U=",
            "id": "projects/autobet-470818/topics/ingest-jobs/roles/pubsub.publisher/serviceAccount:service-539619253741@gcp-sa-cloudscheduler.iam.gserviceaccount.com",
            "member": "serviceAccount:service-539619253741@gcp-sa-cloudscheduler.iam.gserviceaccount.com",
            "project": "autobet-470818",
            "role": "roles/pubsub.publisher",
            "topic": "projects/autobet-470818/topics/ingest-jobs"
          },
          "sensitive_attributes": [],
          "private": "bnVsbA==",
          "dependencies": [
            "data.google_project.project",
            "google_pubsub_topic.ingest_jobs_topic"
          ]
        }
      ]
    },
    {
      "mode": "managed",
      "type": "google_secret_manager_secret_iam_member",
      "name": "tote_api_key_fetcher",
      "provider": "provider[\"registry.terraform.io/hashicorp/google\"]",
      "instances": [
        {
          "schema_version": 0,
          "attributes": {
            "condition": [],
            "etag": "BwY+SY2BIGw=",
            "id": "projects/autobet-470818/secrets/TOTE_API_KEY/roles/secretmanager.secretAccessor/serviceAccount:ingestion-fetcher@autobet-470818.iam.gserviceaccount.com",
            "member": "serviceAccount:ingestion-fetcher@autobet-470818.iam.gserviceaccount.com",
            "project": "autobet-470818",
            "role": "roles/secretmanager.secretAccessor",
            "secret_id": "projects/autobet-470818/secrets/TOTE_API_KEY"
          },
          "sensitive_attributes": [],
          "private": "bnVsbA==",
          "dependencies": [
            "google_service_account.fetcher_sa"
          ]
        }
      ]
    },
    {
      "mode": "managed",
      "type": "google_secret_manager_secret_iam_member",
      "name": "tote_api_key_orchestrator",
      "provider": "provider[\"registry.terraform.io/hashicorp/google\"]",
      "instances": [
        {
          "schema_version": 0,
          "attributes": {
            "condition": [],
            "etag": "BwY+SY2BIGw=",
            "id": "projects/autobet-470818/secrets/TOTE_API_KEY/roles/secretmanager.secretAccessor/serviceAccount:ingestion-orchestrator@autobet-470818.iam.gserviceaccount.com",
            "member": "serviceAccount:ingestion-orchestrator@autobet-470818.iam.gserviceaccount.com",
            "project": "autobet-470818",
            "role": "roles/secretmanager.secretAccessor",
            "secret_id": "projects/autobet-470818/secrets/TOTE_API_KEY"
          },
          "sensitive_attributes": [],
          "private": "bnVsbA==",
          "dependencies": [
            "google_service_account.orchestrator_sa"
          ]
        }
      ]
    },
    {
      "mode": "managed",
      "type": "google_secret_manager_secret_iam_member",
      "name": "tote_graphql_url_fetcher",
      "provider": "provider[\"registry.terraform.io/hashicorp/google\"]",
      "instances": [
        {
          "schema_version": 0,
          "attributes": {
            "condition": [],
            "etag": "BwY+SY2Ddbc=",
            "id": "projects/autobet-470818/secrets/TOTE_GRAPHQL_URL/roles/secretmanager.secretAccessor/serviceAccount:ingestion-fetcher@autobet-470818.iam.gserviceaccount.com",
            "member": "serviceAccount:ingestion-fetcher@autobet-470818.iam.gserviceaccount.com",
            "project": "autobet-470818",
            "role": "roles/secretmanager.secretAccessor",
            "secret_id": "projects/autobet-470818/secrets/TOTE_GRAPHQL_URL"
          },
          "sensitive_attributes": [],
          "private": "bnVsbA==",
          "dependencies": [
            "google_service_account.fetcher_sa"
          ]
        }
      ]
    },
    {
      "mode": "managed",
      "type": "google_secret_manager_secret_iam_member",
      "name": "tote_graphql_url_orchestrator",
      "provider": "provider[\"registry.terraform.io/hashicorp/google\"]",
      "instances": [
        {
          "schema_version": 0,
          "attributes": {
            "condition": [],
            "etag": "BwY+SY2Ddbc=",
            "id": "projects/autobet-470818/secrets/TOTE_GRAPHQL_URL/roles/secretmanager.secretAccessor/serviceAccount:ingestion-orchestrator@autobet-470818.iam.gserviceaccount.com",
            "member": "serviceAccount:ingestion-orchestrator@autobet-470818.iam.gserviceaccount.com",
            "project": "autobet-470818",
            "role": "roles/secretmanager.secretAccessor",
            "secret_id": "projects/autobet-470818/secrets/TOTE_GRAPHQL_URL"
          },
          "sensitive_attributes": [],
          "private": "bnVsbA==",
          "dependencies": [
            "google_service_account.orchestrator_sa"
          ]
        }
      ]
    },
    {
      "mode": "managed",
      "type": "google_service_account",
      "name": "fetcher_sa",
      "provider": "provider[\"registry.terraform.io/hashicorp/google\"]",
      "instances": [
        {
          "schema_version": 0,
          "attributes": {
            "account_id": "ingestion-fetcher",
            "create_ignore_already_exists": null,
            "description": "",
            "disabled": false,
            "display_name": "Service Account for Ingestion Fetcher",
            "email": "ingestion-fetcher@autobet-470818.iam.gserviceaccount.com",
            "id": "projects/autobet-470818/serviceAccounts/ingestion-fetcher@autobet-470818.iam.gserviceaccount.com",
            "member": "serviceAccount:ingestion-fetcher@autobet-470818.iam.gserviceaccount.com",
            "name": "projects/autobet-470818/serviceAccounts/ingestion-fetcher@autobet-470818.iam.gserviceaccount.com",
            "project": "autobet-470818",
            "timeouts": null,
            "unique_id": "112431626695622506705"
          },
          "sensitive_attributes": [],
          "private": "eyJlMmJmYjczMC1lY2FhLTExZTYtOGY4OC0zNDM2M2JjN2M0YzAiOnsiY3JlYXRlIjozMDAwMDAwMDAwMDB9fQ=="
        }
      ]
    },
    {
      "mode": "managed",
      "type": "google_service_account",
      "name": "orchestrator_sa",
      "provider": "provider[\"registry.terraform.io/hashicorp/google\"]",
      "instances": [
        {
          "schema_version": 0,
          "attributes": {
            "account_id": "ingestion-orchestrator",
            "create_ignore_already_exists": null,
            "description": "",
            "disabled": false,
            "display_name": "Service Account for Ingestion Orchestrator",
            "email": "ingestion-orchestrator@autobet-470818.iam.gserviceaccount.com",
            "id": "projects/autobet-470818/serviceAccounts/ingestion-orchestrator@autobet-470818.iam.gserviceaccount.com",
            "member": "serviceAccount:ingestion-orchestrator@autobet-470818.iam.gserviceaccount.com",
            "name": "projects/autobet-470818/serviceAccounts/ingestion-orchestrator@autobet-470818.iam.gserviceaccount.com",
            "project": "autobet-470818",
            "timeouts": null,
            "unique_id": "106638069323083618424"
          },
          "sensitive_attributes": [],
          "private": "eyJlMmJmYjczMC1lY2FhLTExZTYtOGY4OC0zNDM2M2JjN2M0YzAiOnsiY3JlYXRlIjozMDAwMDAwMDAwMDB9fQ=="
        }
      ]
    },
    {
      "mode": "managed",
      "type": "google_service_account",
      "name": "scheduler_sa",
      "provider": "provider[\"registry.terraform.io/hashicorp/google\"]",
      "instances": [
        {
          "schema_version": 0,
          "attributes": {
            "account_id": "autobet-scheduler",
            "create_ignore_already_exists": null,
            "description": "",
            "disabled": false,
            "display_name": "Service Account for Autobet Cloud Scheduler",
            "email": "autobet-scheduler@autobet-470818.iam.gserviceaccount.com",
            "id": "projects/autobet-470818/serviceAccounts/autobet-scheduler@autobet-470818.iam.gserviceaccount.com",
            "member": "serviceAccount:autobet-scheduler@autobet-470818.iam.gserviceaccount.com",
            "name": "projects/autobet-470818/serviceAccounts/autobet-scheduler@autobet-470818.iam.gserviceaccount.com",
            "project": "autobet-470818",
            "timeouts": null,
            "unique_id": "103698827291035901645"
          },
          "sensitive_attributes": [],
          "private": "eyJlMmJmYjczMC1lY2FhLTExZTYtOGY4OC0zNDM2M2JjN2M0YzAiOnsiY3JlYXRlIjozMDAwMDAwMDAwMDB9fQ=="
        }
      ]
    }
  ],
  "check_results": null
}
